// !$*UTF8*$!
{
	archiveVersion = 1;
	classes = {
	};
	objectVersion = 46;
	objects = {

/* Begin PBXBuildFile section */
		660262F71DA847E700711F19 /* AppDelegate.swift in Sources */ = {isa = PBXBuildFile; fileRef = 660262F61DA847E700711F19 /* AppDelegate.swift */; };
		660262F91DA847E700711F19 /* ViewController.swift in Sources */ = {isa = PBXBuildFile; fileRef = 660262F81DA847E700711F19 /* ViewController.swift */; };
		660262FC1DA847E700711F19 /* Main.storyboard in Resources */ = {isa = PBXBuildFile; fileRef = 660262FA1DA847E700711F19 /* Main.storyboard */; };
		660262FE1DA847E700711F19 /* Assets.xcassets in Resources */ = {isa = PBXBuildFile; fileRef = 660262FD1DA847E700711F19 /* Assets.xcassets */; };
		660263011DA847E700711F19 /* LaunchScreen.storyboard in Resources */ = {isa = PBXBuildFile; fileRef = 660262FF1DA847E700711F19 /* LaunchScreen.storyboard */; };
/* End PBXBuildFile section */

/* Begin PBXFileReference section */
		660262F31DA847E700711F19 /* TableViewInUIViewController.app */ = {isa = PBXFileReference; explicitFileType = wrapper.application; includeInIndex = 0; path = TableViewInUIViewController.app; sourceTree = BUILT_PRODUCTS_DIR; };
		660262F61DA847E700711F19 /* AppDelegate.swift */ = {isa = PBXFileReference; lastKnownFileType = sourcecode.swift; path = AppDelegate.swift; sourceTree = "<group>"; };
		660262F81DA847E700711F19 /* ViewController.swift */ = {isa = PBXFileReference; lastKnownFileType = sourcecode.swift; path = ViewController.swift; sourceTree = "<group>"; };
		660262FB1DA847E700711F19 /* Base */ = {isa = PBXFileReference; lastKnownFileType = file.storyboard; name = Base; path = Base.lproj/Main.storyboard; sourceTree = "<group>"; };
		660262FD1DA847E700711F19 /* Assets.xcassets */ = {isa = PBXFileReference; lastKnownFileType = folder.assetcatalog; path = Assets.xcassets; sourceTree = "<group>"; };
		660263001DA847E700711F19 /* Base */ = {isa = PBXFileReference; lastKnownFileType = file.storyboard; name = Base; path = Base.lproj/LaunchScreen.storyboard; sourceTree = "<group>"; };
		660263021DA847E700711F19 /* Info.plist */ = {isa = PBXFileReference; lastKnownFileType = text.plist.xml; path = Info.plist; sourceTree = "<group>"; };
/* End PBXFileReference section */

/* Begin PBXFrameworksBuildPhase section */
		660262F01DA847E700711F19 /* Frameworks */ = {
			isa = PBXFrameworksBuildPhase;
			buildActionMask = 2147483647;
			files = (
			);
			runOnlyForDeploymentPostprocessing = 0;
		};
/* End PBXFrameworksBuildPhase section */

/* Begin PBXGroup section */
		660262EA1DA847E700711F19 = {
			isa = PBXGroup;
			children = (
				660262F51DA847E700711F19 /* TableViewInUIViewController */,
				660262F41DA847E700711F19 /* Products */,
			);
			sourceTree = "<group>";
		};
		660262F41DA847E700711F19 /* Products */ = {
			isa = PBXGroup;
			children = (
				660262F31DA847E700711F19 /* TableViewInUIViewController.app */,
			);
			name = Products;
			sourceTree = "<group>";
		};
		660262F51DA847E700711F19 /* TableViewInUIViewController */ = {
			isa = PBXGroup;
			children = (
				660262F61DA847E700711F19 /* AppDelegate.swift */,
				660262F81DA847E700711F19 /* ViewController.swift */,
				660262FA1DA847E700711F19 /* Main.storyboard */,
				660262FD1DA847E700711F19 /* Assets.xcassets */,
				660262FF1DA847E700711F19 /* LaunchScreen.storyboard */,
				660263021DA847E700711F19 /* Info.plist */,
			);
			path = TableViewInUIViewController;
			sourceTree = "<group>";
		};
/* End PBXGroup section */

/* Begin PBXNativeTarget section */
		660262F21DA847E700711F19 /* TableViewInUIViewController */ = {
			isa = PBXNativeTarget;
			buildConfigurationList = 660263051DA847E700711F19 /* Build configuration list for PBXNativeTarget "TableViewInUIViewController" */;
			buildPhases = (
				660262EF1DA847E700711F19 /* Sources */,
				660262F01DA847E700711F19 /* Frameworks */,
				660262F11DA847E700711F19 /* Resources */,
			);
			buildRules = (
			);
			dependencies = (
			);
			name = TableViewInUIViewController;
			productName = TableViewInUIViewController;
			productReference = 660262F31DA847E700711F19 /* TableViewInUIViewController.app */;
			productType = "com.apple.product-type.application";
		};
/* End PBXNativeTarget section */

/* Begin PBXProject section */
		660262EB1DA847E700711F19 /* Project object */ = {
			isa = PBXProject;
			attributes = {
				LastSwiftUpdateCheck = 0800;
				LastUpgradeCheck = 0800;
				ORGANIZATIONNAME = "Chrishon Wyllie";
				TargetAttributes = {
					660262F21DA847E700711F19 = {
						CreatedOnToolsVersion = 8.0;
						DevelopmentTeam = UL42AV8U5L;
						ProvisioningStyle = Automatic;
					};
				};
			};
			buildConfigurationList = 660262EE1DA847E700711F19 /* Build configuration list for PBXProject "TableViewInUIViewController" */;
			compatibilityVersion = "Xcode 3.2";
			developmentRegion = English;
			hasScannedForEncodings = 0;
			knownRegions = (
				en,
				Base,
			);
			mainGroup = 660262EA1DA847E700711F19;
			productRefGroup = 660262F41DA847E700711F19 /* Products */;
			projectDirPath = "";
			projectRoot = "";
			targets = (
				660262F21DA847E700711F19 /* TableViewInUIViewController */,
			);
		};
/* End PBXProject section */

/* Begin PBXResourcesBuildPhase section */
		660262F11DA847E700711F19 /* Resources */ = {
			isa = PBXResourcesBuildPhase;
			buildActionMask = 2147483647;
			files = (
				660263011DA847E700711F19 /* LaunchScreen.storyboard in Resources */,
				660262FE1DA847E700711F19 /* Assets.xcassets in Resources */,
				660262FC1DA847E700711F19 /* Main.storyboard in Resources */,
			);
			runOnlyForDeploymentPostprocessing = 0;
		};
/* End PBXResourcesBuildPhase section */

/* Begin PBXSourcesBuildPhase section */
		660262EF1DA847E700711F19 /* Sources */ = {
			isa = PBXSourcesBuildPhase;
			buildActionMask = 2147483647;
			files = (
				660262F91DA847E700711F19 /* ViewController.swift in Sources */,
				660262F71DA847E700711F19 /* AppDelegate.swift in Sources */,
			);
			runOnlyForDeploymentPostprocessing = 0;
		};
/* End PBXSourcesBuildPhase section */

/* Begin PBXVariantGroup section */
		660262FA1DA847E700711F19 /* Main.storyboard */ = {
			isa = PBXVariantGroup;
			children = (
				660262FB1DA847E700711F19 /* Base */,
			);
			name = Main.storyboard;
			sourceTree = "<group>";
		};
		660262FF1DA847E700711F19 /* LaunchScreen.storyboard */ = {
			isa = PBXVariantGroup;
			children = (
				660263001DA847E700711F19 /* Base */,
			);
			name = LaunchScreen.storyboard;
			sourceTree = "<group>";
		};
/* End PBXVariantGroup section */

/* Begin XCBuildConfiguration section */
		660263031DA847E700711F19 /* Debug */ = {
			isa = XCBuildConfiguration;
			buildSettings = {
				ALWAYS_SEARCH_USER_PATHS = NO;
				CLANG_ANALYZER_NONNULL = YES;
				CLANG_CXX_LANGUAGE_STANDARD = "gnu++0x";
				CLANG_CXX_LIBRARY = "libc++";
				CLANG_ENABLE_MODULES = YES;
				CLANG_ENABLE_OBJC_ARC = YES;
				CLANG_WARN_BOOL_CONVERSION = YES;
				CLANG_WARN_CONSTANT_CONVERSION = YES;
				CLANG_WARN_DIRECT_OBJC_ISA_USAGE = YES_ERROR;
				CLANG_WARN_DOCUMENTATION_COMMENTS = YES;
				CLANG_WARN_EMPTY_BODY = YES;
				CLANG_WARN_ENUM_CONVERSION = YES;
				CLANG_WARN_INFINITE_RECURSION = YES;
				CLANG_WARN_INT_CONVERSION = YES;
				CLANG_WARN_OBJC_ROOT_CLASS = YES_ERROR;
				CLANG_WARN_SUSPICIOUS_MOVES = YES;
				CLANG_WARN_UNREACHABLE_CODE = YES;
				CLANG_WARN__DUPLICATE_METHOD_MATCH = YES;
				"CODE_SIGN_IDENTITY[sdk=iphoneos*]" = "iPhone Developer";
				COPY_PHASE_STRIP = NO;
				DEBUG_INFORMATION_FORMAT = dwarf;
				ENABLE_STRICT_OBJC_MSGSEND = YES;
				ENABLE_TESTABILITY = YES;
				GCC_C_LANGUAGE_STANDARD = gnu99;
				GCC_DYNAMIC_NO_PIC = NO;
				GCC_NO_COMMON_BLOCKS = YES;
				GCC_OPTIMIZATION_LEVEL = 0;
				GCC_PREPROCESSOR_DEFINITIONS = (
					"DEBUG=1",
					"$(inherited)",
				);
				GCC_WARN_64_TO_32_BIT_CONVERSION = YES;
				GCC_WARN_ABOUT_RETURN_TYPE = YES_ERROR;
				GCC_WARN_UNDECLARED_SELECTOR = YES;
				GCC_WARN_UNINITIALIZED_AUTOS = YES_AGGRESSIVE;
				GCC_WARN_UNUSED_FUNCTION = YES;
				GCC_WARN_UNUSED_VARIABLE = YES;
				IPHONEOS_DEPLOYMENT_TARGET = 10.0;
				MTL_ENABLE_DEBUG_INFO = YES;
				ONLY_ACTIVE_ARCH = YES;
				SDKROOT = iphoneos;
				SWIFT_ACTIVE_COMPILATION_CONDITIONS = DEBUG;
				SWIFT_OPTIMIZATION_LEVEL = "-Onone";
			};
			name = Debug;
		};
		660263041DA847E700711F19 /* Release */ = {
			isa = XCBuildConfiguration;
			buildSettings = {
				ALWAYS_SEARCH_USER_PATHS = NO;
				CLANG_ANALYZER_NONNULL = YES;
				CLANG_CXX_LANGUAGE_STANDARD = "gnu++0x";
				CLANG_CXX_LIBRARY = "libc++";
				CLANG_ENABLE_MODULES = YES;
				CLANG_ENABLE_OBJC_ARC = YES;
				CLANG_WARN_BOOL_CONVERSION = YES;
				CLANG_WARN_CONSTANT_CONVERSION = YES;
				CLANG_WARN_DIRECT_OBJC_ISA_USAGE = YES_ERROR;
				CLANG_WARN_DOCUMENTATION_COMMENTS = YES;
				CLANG_WARN_EMPTY_BODY = YES;
				CLANG_WARN_ENUM_CONVERSION = YES;
				CLANG_WARN_INFINITE_RECURSION = YES;
				CLANG_WARN_INT_CONVERSION = YES;
				CLANG_WARN_OBJC_ROOT_CLASS = YES_ERROR;
				CLANG_WARN_SUSPICIOUS_MOVES = YES;
				CLANG_WARN_UNREACHABLE_CODE = YES;
				CLANG_WARN__DUPLICATE_METHOD_MATCH = YES;
				"CODE_SIGN_IDENTITY[sdk=iphoneos*]" = "iPhone Developer";
				COPY_PHASE_STRIP = NO;
				DEBUG_INFORMATION_FORMAT = "dwarf-with-dsym";
				ENABLE_NS_ASSERTIONS = NO;
				ENABLE_STRICT_OBJC_MSGSEND = YES;
				GCC_C_LANGUAGE_STANDARD = gnu99;
				GCC_NO_COMMON_BLOCKS = YES;
				GCC_WARN_64_TO_32_BIT_CONVERSION = YES;
				GCC_WARN_ABOUT_RETURN_TYPE = YES_ERROR;
				GCC_WARN_UNDECLARED_SELECTOR = YES;
				GCC_WARN_UNINITIALIZED_AUTOS = YES_AGGRESSIVE;
				GCC_WARN_UNUSED_FUNCTION = YES;
				GCC_WARN_UNUSED_VARIABLE = YES;
				IPHONEOS_DEPLOYMENT_TARGET = 10.0;
				MTL_ENABLE_DEBUG_INFO = NO;
				SDKROOT = iphoneos;
				SWIFT_OPTIMIZATION_LEVEL = "-Owholemodule";
				VALIDATE_PRODUCT = YES;
			};
			name = Release;
		};
		660263061DA847E700711F19 /* Debug */ = {
			isa = XCBuildConfiguration;
			buildSettings = {
				ASSETCATALOG_COMPILER_APPICON_NAME = AppIcon;
				DEVELOPMENT_TEAM = UL42AV8U5L;
				INFOPLIST_FILE = TableViewInUIViewController/Info.plist;
				LD_RUNPATH_SEARCH_PATHS = "$(inherited) @executable_path/Frameworks";
				PRODUCT_BUNDLE_IDENTIFIER = com.ChrishonWyllie.TableViewInUIViewController;
				PRODUCT_NAME = "$(TARGET_NAME)";
				SWIFT_VERSION = 3.0;
			};
			name = Debug;
		};
		660263071DA847E700711F19 /* Release */ = {
			isa = XCBuildConfiguration;
			buildSettings = {
				ASSETCATALOG_COMPILER_APPICON_NAME = AppIcon;
				DEVELOPMENT_TEAM = UL42AV8U5L;
				INFOPLIST_FILE = TableViewInUIViewController/Info.plist;
				LD_RUNPATH_SEARCH_PATHS = "$(inherited) @executable_path/Frameworks";
				PRODUCT_BUNDLE_IDENTIFIER = com.ChrishonWyllie.TableViewInUIViewController;
				PRODUCT_NAME = "$(TARGET_NAME)";
				SWIFT_VERSION = 3.0;
			};
			name = Release;
		};
/* End XCBuildConfiguration section */

/* Begin XCConfigurationList section */
		660262EE1DA847E700711F19 /* Build configuration list for PBXProject "TableViewInUIViewController" */ = {
			isa = XCConfigurationList;
			buildConfigurations = (
				660263031DA847E700711F19 /* Debug */,
				660263041DA847E700711F19 /* Release */,
			);
			defaultConfigurationIsVisible = 0;
			defaultConfigurationName = Release;
		};
		660263051DA847E700711F19 /* Build configuration list for PBXNativeTarget "TableViewInUIViewController" */ = {
			isa = XCConfigurationList;
			buildConfigurations = (
				660263061DA847E700711F19 /* Debug */,
				660263071DA847E700711F19 /* Release */,
			);
			defaultConfigurationIsVisible = 0;
		};
/* End XCConfigurationList section */
	};
	rootObject = 660262EB1DA847E700711F19 /* Project object */;
}
